
Microsoft Visual Studio Solution File, Format Version 12.00
# Visual Studio Version 17
VisualStudioVersion = 17.9.34714.143
MinimumVisualStudioVersion = 10.0.40219.1
Project("{FAE04EC0-301F-11D3-BF4B-00C04F79EFBC}") = "CSVLibrary", "CSVLibrary\CSVLibrary.csproj", "{2CC0783E-B9D1-404E-B787-73A6F4042E3A}"
EndProject
Global
	GlobalSection(SolutionConfigurationPlatforms) = preSolution
		Debug|Any CPU = Debug|Any CPU
		Release|Any CPU = Release|Any CPU
	EndGlobalSection
	GlobalSection(ProjectConfigurationPlatforms) = postSolution
		{2CC0783E-B9D1-404E-B787-73A6F4042E3A}.Debug|Any CPU.ActiveCfg = Debug|Any CPU
		{2CC0783E-B9D1-404E-B787-73A6F4042E3A}.Debug|Any CPU.Build.0 = Debug|Any CPU
		{2CC0783E-B9D1-404E-B787-73A6F4042E3A}.Release|Any CPU.ActiveCfg = Release|Any CPU
		{2CC0783E-B9D1-404E-B787-73A6F4042E3A}.Release|Any CPU.Build.0 = Release|Any CPU
	EndGlobalSection
	GlobalSection(SolutionProperties) = preSolution
		HideSolutionNode = FALSE
	EndGlobalSection
	GlobalSection(ExtensibilityGlobals) = postSolution
		SolutionGuid = {B34CFDA5-9EC8-477C-BC15-6EE823AEFA5E}
	EndGlobalSection
EndGlobal
